{
  "name": "ajs-application",
  "version": "1.0.0",
  "lockfileVersion": 2,
  "requires": true,
  "packages": {
    "": {
      "name": "ajs-application",
      "version": "1.0.0",
      "license": "ISC",
      "dependencies": {
        "@polinkavishinka/ajs": "^1.0.0"
      }
    },
    "node_modules/@polinkavishinka/ajs": {
      "version": "1.0.0",
      "resolved": "https://npm.pkg.github.com/download/@polinkavishinka/ajs/1.0.0/2d1b4e1f8e4ba194caceb2433d71315808146821",
      "integrity": "sha512-czLULSO1o5vNzcZX6I2B+oYs+MCGpBPeN3MYjXVme/fJZ17HFuZNMFHEO1wBzjwhzHWp5oC9pl8DHQCjKc+uPg==",
      "license": "ISC"
    }
  },
  "dependencies": {
    "@polinkavishinka/ajs": {
      "version": "1.0.0",
      "resolved": "https://npm.pkg.github.com/download/@polinkavishinka/ajs/1.0.0/2d1b4e1f8e4ba194caceb2433d71315808146821",
      "integrity": "sha512-czLULSO1o5vNzcZX6I2B+oYs+MCGpBPeN3MYjXVme/fJZ17HFuZNMFHEO1wBzjwhzHWp5oC9pl8DHQCjKc+uPg=="
    }
  }
}
